<?xml version="1.0" encoding="utf-8"?>
<Project ToolsVersion="4.0" xmlns="http://schemas.microsoft.com/developer/msbuild/2003">
  <ItemGroup>
    <Filter Include="Editor">
      <UniqueIdentifier>{8C1A20B0-78BC-4A86-6177-5EDA4DB8D1D6}</UniqueIdentifier>
    </Filter>
    <Filter Include="ProjectHub">
      <UniqueIdentifier>{9B60679B-8718-A9E8-F01F-8244DCF643D9}</UniqueIdentifier>
    </Filter>
  </ItemGroup>
  <ItemGroup>
    <ClInclude Include="src\Editor\HerculesEditor.h">
      <Filter>Editor</Filter>
    </ClInclude>
  </ItemGroup>
  <ItemGroup>
    <ClCompile Include="src\Editor\HerculesEditor.cpp">
      <Filter>Editor</Filter>
    </ClCompile>
  </ItemGroup>
</Project>