<?xml version="1.0" encoding="utf-8"?>
<Project ToolsVersion="4.0" xmlns="http://schemas.microsoft.com/developer/msbuild/2003">
  <ItemGroup>
    <Filter Include="Editor">
      <UniqueIdentifier>{8C1A20B0-78BC-4A86-6177-5EDA4DB8D1D6}</UniqueIdentifier>
    </Filter>
    <Filter Include="ProjectHub">
      <UniqueIdentifier>{9B60679B-8718-A9E8-F01F-8244DCF643D9}</UniqueIdentifier>
    </Filter>
  </ItemGroup>
  <ItemGroup>
    <ClInclude Include="src\HerculesEditor.h">
      <Filter>Editor</Filter>
    </ClInclude>
    <ClInclude Include="src\UIRenderer.h" />
    <ClInclude Include="src\FileBrowser.h" />
    <ClInclude Include="src\QuickMenu.h" />
    <ClInclude Include="src\imgwh.h" />
    <ClInclude Include="src\UIData.h" />
    <ClInclude Include="src\MenuBar.h" />
    <ClInclude Include="src\SettingsMenu.h" />
    <ClInclude Include="src\StatsMenu.h" />
    <ClInclude Include="src\ComponentView.h" />
    <ClInclude Include="src\Components\MaterialMenu.h" />
    <ClInclude Include="src\Components\LightMenu.h" />
    <ClInclude Include="src\Components\TransformMenu.h" />
    <ClInclude Include="src\Components\MeshMenu.h" />
    <ClInclude Include="src\Toolbar.h" />
    <ClInclude Include="src\Viewport.h" />
    <ClInclude Include="src\SceneHeirarchy.h" />
  </ItemGroup>
  <ItemGroup>
    <ClCompile Include="src\HerculesEditor.cpp">
      <Filter>Editor</Filter>
    </ClCompile>
    <ClCompile Include="src\UIRenderer.cpp" />
    <ClCompile Include="src\FileBrowser.cpp" />
    <ClCompile Include="src\QuickMenu.cpp" />
    <ClCompile Include="src\MenuBar.cpp" />
    <ClCompile Include="src\SettingsMenu.cpp" />
    <ClCompile Include="src\StatsMenu.cpp" />
    <ClCompile Include="src\ComponentView.cpp" />
    <ClCompile Include="src\Components\MaterialMenu.cpp" />
    <ClCompile Include="src\Components\LightMenu.cpp" />
    <ClCompile Include="src\Components\TransformMenu.cpp" />
    <ClCompile Include="src\Components\MeshMenu.cpp" />
    <ClCompile Include="src\Toolbar.cpp" />
    <ClCompile Include="src\Viewport.cpp" />
    <ClCompile Include="src\SceneHeirarchy.cpp" />
  </ItemGroup>
</Project>