<?xml version="1.0" encoding="utf-8"?>
<Project ToolsVersion="4.0" xmlns="http://schemas.microsoft.com/developer/msbuild/2003">
  <ItemGroup>
    <Filter Include="Hercules">
      <UniqueIdentifier>{40B41E5E-2C81-7969-559A-671141C6AEF7}</UniqueIdentifier>
    </Filter>
    <Filter Include="Hercules\Application">
      <UniqueIdentifier>{03504CE6-EFDE-D5AF-98FD-E9AA846BE655}</UniqueIdentifier>
    </Filter>
    <Filter Include="Hercules\Input">
      <UniqueIdentifier>{3F94EEA0-2B62-E2A6-14F6-52CD0063BE0B}</UniqueIdentifier>
    </Filter>
    <Filter Include="Hercules\Log">
      <UniqueIdentifier>{11ECF9FA-FD4E-899F-A6D4-C15592165522}</UniqueIdentifier>
    </Filter>
    <Filter Include="Hercules\Renderer">
      <UniqueIdentifier>{E6BF1807-52D6-169D-9B4D-A2BE07A3E724}</UniqueIdentifier>
    </Filter>
    <Filter Include="Hercules\Renderer\Context">
      <UniqueIdentifier>{7AC0BDAF-E682-F139-2F33-80C69B34CA17}</UniqueIdentifier>
    </Filter>
    <Filter Include="Hercules\Renderer\Index">
      <UniqueIdentifier>{4D0F4848-B946-90DF-C250-F4022E07B7D8}</UniqueIdentifier>
    </Filter>
    <Filter Include="Hercules\Renderer\Objects">
      <UniqueIdentifier>{9FE4D42C-0BA7-08B7-5457-9743C058E194}</UniqueIdentifier>
    </Filter>
    <Filter Include="Hercules\Renderer\Objects\2D">
      <UniqueIdentifier>{E462B269-D01D-A215-79D5-1A60656FECA5}</UniqueIdentifier>
    </Filter>
    <Filter Include="Hercules\Renderer\Objects\2D\Square">
      <UniqueIdentifier>{04B35DD7-706C-C881-F9CB-E25B65847EF1}</UniqueIdentifier>
    </Filter>
    <Filter Include="Hercules\Renderer\Objects\2D\Triangle">
      <UniqueIdentifier>{6993D242-D557-D132-9EBD-01FD0A416D68}</UniqueIdentifier>
    </Filter>
    <Filter Include="Hercules\Renderer\Render">
      <UniqueIdentifier>{95FFAA65-8124-FAE5-AA6F-DF7596F3F803}</UniqueIdentifier>
    </Filter>
    <Filter Include="Hercules\Renderer\Shader">
      <UniqueIdentifier>{CC502F68-B875-7EE8-E1C0-6378CD447D06}</UniqueIdentifier>
    </Filter>
    <Filter Include="Hercules\Renderer\Texture">
      <UniqueIdentifier>{466BBDB5-B22D-F13F-FBDD-7FCC67DFC91D}</UniqueIdentifier>
    </Filter>
    <Filter Include="Hercules\Renderer\Vertex">
      <UniqueIdentifier>{B317026F-9F3C-51EF-C887-367FB40B500D}</UniqueIdentifier>
    </Filter>
    <Filter Include="Hercules\Renderer\glm">
      <UniqueIdentifier>{35CDBD63-A139-795E-6A2D-11BCD6589BC6}</UniqueIdentifier>
    </Filter>
    <Filter Include="Hercules\Renderer\glm\glm">
      <UniqueIdentifier>{04EAB67B-70AC-EA05-B95C-7992255EC3E3}</UniqueIdentifier>
    </Filter>
    <Filter Include="Hercules\Renderer\glm\glm\detail">
      <UniqueIdentifier>{46F52C63-3246-18A5-5BAA-0667475AAB0E}</UniqueIdentifier>
    </Filter>
    <Filter Include="Hercules\Renderer\glm\glm\simd">
      <UniqueIdentifier>{E0288121-CC4E-4B88-B594-D053A1597054}</UniqueIdentifier>
    </Filter>
    <Filter Include="Hercules\Renderer\stbi">
      <UniqueIdentifier>{67297EDB-5323-A72D-3C90-3D3E28290D9A}</UniqueIdentifier>
    </Filter>
    <Filter Include="Hercules\Window">
      <UniqueIdentifier>{27790DDF-9304-7BA3-9C15-FE970820D7A3}</UniqueIdentifier>
    </Filter>
  </ItemGroup>
  <ItemGroup>
    <ClInclude Include="src\Hercules.h" />
    <ClInclude Include="src\Hercules\Application\Application.h">
      <Filter>Hercules\Application</Filter>
    </ClInclude>
    <ClInclude Include="src\Hercules\Application\Core.h">
      <Filter>Hercules\Application</Filter>
    </ClInclude>
    <ClInclude Include="src\Hercules\Application\EntryPoint.h">
      <Filter>Hercules\Application</Filter>
    </ClInclude>
    <ClInclude Include="src\Hercules\Input\Input.h">
      <Filter>Hercules\Input</Filter>
    </ClInclude>
    <ClInclude Include="src\Hercules\Input\Keycodes.h">
      <Filter>Hercules\Input</Filter>
    </ClInclude>
    <ClInclude Include="src\Hercules\Input\MouseCodes.h">
      <Filter>Hercules\Input</Filter>
    </ClInclude>
    <ClInclude Include="src\Hercules\Log\Log.h">
      <Filter>Hercules\Log</Filter>
    </ClInclude>
    <ClInclude Include="src\Hercules\Renderer\Context\Context.h">
      <Filter>Hercules\Renderer\Context</Filter>
    </ClInclude>
    <ClInclude Include="src\Hercules\Renderer\Index\IndexBuffer.h">
      <Filter>Hercules\Renderer\Index</Filter>
    </ClInclude>
    <ClInclude Include="src\Hercules\Renderer\Objects\2D\Square\Square.h">
      <Filter>Hercules\Renderer\Objects\2D\Square</Filter>
    </ClInclude>
    <ClInclude Include="src\Hercules\Renderer\Objects\2D\Triangle\Triangle.h">
      <Filter>Hercules\Renderer\Objects\2D\Triangle</Filter>
    </ClInclude>
    <ClInclude Include="src\Hercules\Renderer\Render\Renderer.h">
      <Filter>Hercules\Renderer\Render</Filter>
    </ClInclude>
    <ClInclude Include="src\Hercules\Renderer\Shader\Shader.h">
      <Filter>Hercules\Renderer\Shader</Filter>
    </ClInclude>
    <ClInclude Include="src\Hercules\Renderer\Texture\Texture.h">
      <Filter>Hercules\Renderer\Texture</Filter>
    </ClInclude>
    <ClInclude Include="src\Hercules\Renderer\Vertex\VertexArray.h">
      <Filter>Hercules\Renderer\Vertex</Filter>
    </ClInclude>
    <ClInclude Include="src\Hercules\Renderer\Vertex\VertexBuffer.h">
      <Filter>Hercules\Renderer\Vertex</Filter>
    </ClInclude>
    <ClInclude Include="src\Hercules\Renderer\glm\glm\simd\common.h">
      <Filter>Hercules\Renderer\glm\glm\simd</Filter>
    </ClInclude>
    <ClInclude Include="src\Hercules\Renderer\glm\glm\simd\exponential.h">
      <Filter>Hercules\Renderer\glm\glm\simd</Filter>
    </ClInclude>
    <ClInclude Include="src\Hercules\Renderer\glm\glm\simd\geometric.h">
      <Filter>Hercules\Renderer\glm\glm\simd</Filter>
    </ClInclude>
    <ClInclude Include="src\Hercules\Renderer\glm\glm\simd\integer.h">
      <Filter>Hercules\Renderer\glm\glm\simd</Filter>
    </ClInclude>
    <ClInclude Include="src\Hercules\Renderer\glm\glm\simd\matrix.h">
      <Filter>Hercules\Renderer\glm\glm\simd</Filter>
    </ClInclude>
    <ClInclude Include="src\Hercules\Renderer\glm\glm\simd\neon.h">
      <Filter>Hercules\Renderer\glm\glm\simd</Filter>
    </ClInclude>
    <ClInclude Include="src\Hercules\Renderer\glm\glm\simd\packing.h">
      <Filter>Hercules\Renderer\glm\glm\simd</Filter>
    </ClInclude>
    <ClInclude Include="src\Hercules\Renderer\glm\glm\simd\platform.h">
      <Filter>Hercules\Renderer\glm\glm\simd</Filter>
    </ClInclude>
    <ClInclude Include="src\Hercules\Renderer\glm\glm\simd\trigonometric.h">
      <Filter>Hercules\Renderer\glm\glm\simd</Filter>
    </ClInclude>
    <ClInclude Include="src\Hercules\Renderer\glm\glm\simd\vector_relational.h">
      <Filter>Hercules\Renderer\glm\glm\simd</Filter>
    </ClInclude>
    <ClInclude Include="src\Hercules\Renderer\stbi\stb_image.h">
      <Filter>Hercules\Renderer\stbi</Filter>
    </ClInclude>
    <ClInclude Include="src\Hercules\Window\Window.h">
      <Filter>Hercules\Window</Filter>
    </ClInclude>
    <ClInclude Include="src\hcpch.h" />
  </ItemGroup>
  <ItemGroup>
    <ClCompile Include="src\Hercules\Application\Application.cpp">
      <Filter>Hercules\Application</Filter>
    </ClCompile>
    <ClCompile Include="src\Hercules\Input\Input.cpp">
      <Filter>Hercules\Input</Filter>
    </ClCompile>
    <ClCompile Include="src\Hercules\Log\Log.cpp">
      <Filter>Hercules\Log</Filter>
    </ClCompile>
    <ClCompile Include="src\Hercules\Renderer\Context\Context.cpp">
      <Filter>Hercules\Renderer\Context</Filter>
    </ClCompile>
    <ClCompile Include="src\Hercules\Renderer\Index\IndexBuffer.cpp">
      <Filter>Hercules\Renderer\Index</Filter>
    </ClCompile>
    <ClCompile Include="src\Hercules\Renderer\Objects\2D\Square\Square.cpp">
      <Filter>Hercules\Renderer\Objects\2D\Square</Filter>
    </ClCompile>
    <ClCompile Include="src\Hercules\Renderer\Objects\2D\Triangle\Triangle.cpp">
      <Filter>Hercules\Renderer\Objects\2D\Triangle</Filter>
    </ClCompile>
    <ClCompile Include="src\Hercules\Renderer\Render\Renderer.cpp">
      <Filter>Hercules\Renderer\Render</Filter>
    </ClCompile>
    <ClCompile Include="src\Hercules\Renderer\Shader\Shader.cpp">
      <Filter>Hercules\Renderer\Shader</Filter>
    </ClCompile>
    <ClCompile Include="src\Hercules\Renderer\Texture\Texture.cpp">
      <Filter>Hercules\Renderer\Texture</Filter>
    </ClCompile>
    <ClCompile Include="src\Hercules\Renderer\Vertex\VertexArray.cpp">
      <Filter>Hercules\Renderer\Vertex</Filter>
    </ClCompile>
    <ClCompile Include="src\Hercules\Renderer\Vertex\VertexBuffer.cpp">
      <Filter>Hercules\Renderer\Vertex</Filter>
    </ClCompile>
    <ClCompile Include="src\Hercules\Renderer\glm\glm\detail\glm.cpp">
      <Filter>Hercules\Renderer\glm\glm\detail</Filter>
    </ClCompile>
    <ClCompile Include="src\Hercules\Renderer\stbi\stbi_image.cpp">
      <Filter>Hercules\Renderer\stbi</Filter>
    </ClCompile>
    <ClCompile Include="src\Hercules\Window\Window.cpp">
      <Filter>Hercules\Window</Filter>
    </ClCompile>
    <ClCompile Include="src\hcpch.cpp" />
  </ItemGroup>
</Project>