<?xml version="1.0" encoding="utf-8"?>
<Project ToolsVersion="4.0" xmlns="http://schemas.microsoft.com/developer/msbuild/2003">
  <ItemGroup>
    <Filter Include="Hercules">
      <UniqueIdentifier>{40B41E5E-2C81-7969-559A-671141C6AEF7}</UniqueIdentifier>
    </Filter>
    <Filter Include="Hercules\Application">
      <UniqueIdentifier>{03504CE6-EFDE-D5AF-98FD-E9AA846BE655}</UniqueIdentifier>
    </Filter>
    <Filter Include="Hercules\Input">
      <UniqueIdentifier>{3F94EEA0-2B62-E2A6-14F6-52CD0063BE0B}</UniqueIdentifier>
    </Filter>
    <Filter Include="Hercules\Log">
      <UniqueIdentifier>{11ECF9FA-FD4E-899F-A6D4-C15592165522}</UniqueIdentifier>
    </Filter>
    <Filter Include="Hercules\Renderer">
      <UniqueIdentifier>{E6BF1807-52D6-169D-9B4D-A2BE07A3E724}</UniqueIdentifier>
    </Filter>
    <Filter Include="Hercules\Renderer\Context">
      <UniqueIdentifier>{7AC0BDAF-E682-F139-2F33-80C69B34CA17}</UniqueIdentifier>
    </Filter>
    <Filter Include="Hercules\Renderer\Index">
      <UniqueIdentifier>{4D0F4848-B946-90DF-C250-F4022E07B7D8}</UniqueIdentifier>
    </Filter>
    <Filter Include="Hercules\Renderer\Objects">
      <UniqueIdentifier>{9FE4D42C-0BA7-08B7-5457-9743C058E194}</UniqueIdentifier>
    </Filter>
    <Filter Include="Hercules\Renderer\Objects\2D">
      <UniqueIdentifier>{E462B269-D01D-A215-79D5-1A60656FECA5}</UniqueIdentifier>
    </Filter>
    <Filter Include="Hercules\Renderer\Objects\2D\Square">
      <UniqueIdentifier>{04B35DD7-706C-C881-F9CB-E25B65847EF1}</UniqueIdentifier>
    </Filter>
    <Filter Include="Hercules\Renderer\Objects\2D\Triangle">
      <UniqueIdentifier>{6993D242-D557-D132-9EBD-01FD0A416D68}</UniqueIdentifier>
    </Filter>
    <Filter Include="Hercules\Renderer\Render">
      <UniqueIdentifier>{95FFAA65-8124-FAE5-AA6F-DF7596F3F803}</UniqueIdentifier>
    </Filter>
    <Filter Include="Hercules\Renderer\Shader">
      <UniqueIdentifier>{CC502F68-B875-7EE8-E1C0-6378CD447D06}</UniqueIdentifier>
    </Filter>
    <Filter Include="Hercules\Renderer\Texture">
      <UniqueIdentifier>{466BBDB5-B22D-F13F-FBDD-7FCC67DFC91D}</UniqueIdentifier>
    </Filter>
    <Filter Include="Hercules\Renderer\Vertex">
      <UniqueIdentifier>{B317026F-9F3C-51EF-C887-367FB40B500D}</UniqueIdentifier>
    </Filter>
    <Filter Include="Hercules\Renderer\glm">
      <UniqueIdentifier>{35CDBD63-A139-795E-6A2D-11BCD6589BC6}</UniqueIdentifier>
    </Filter>
    <Filter Include="Hercules\Renderer\glm\glm">
      <UniqueIdentifier>{04EAB67B-70AC-EA05-B95C-7992255EC3E3}</UniqueIdentifier>
    </Filter>
    <Filter Include="Hercules\Renderer\glm\glm\detail">
      <UniqueIdentifier>{46F52C63-3246-18A5-5BAA-0667475AAB0E}</UniqueIdentifier>
    </Filter>
    <Filter Include="Hercules\Renderer\glm\glm\ext">
      <UniqueIdentifier>{64CF7FF1-D0E7-661B-9994-F6B4056CFBB4}</UniqueIdentifier>
    </Filter>
    <Filter Include="Hercules\Renderer\glm\glm\gtc">
      <UniqueIdentifier>{51D77FF1-BDEF-661B-869C-F6B4F273FBB4}</UniqueIdentifier>
    </Filter>
    <Filter Include="Hercules\Renderer\glm\glm\gtx">
      <UniqueIdentifier>{66D77FF1-D2EF-661B-9B9C-F6B40774FBB4}</UniqueIdentifier>
    </Filter>
    <Filter Include="Hercules\Renderer\glm\glm\simd">
      <UniqueIdentifier>{E0288121-CC4E-4B88-B594-D053A1597054}</UniqueIdentifier>
    </Filter>
    <Filter Include="Hercules\Renderer\stbi">
      <UniqueIdentifier>{67297EDB-5323-A72D-3C90-3D3E28290D9A}</UniqueIdentifier>
    </Filter>
    <Filter Include="Hercules\Window">
      <UniqueIdentifier>{27790DDF-9304-7BA3-9C15-FE970820D7A3}</UniqueIdentifier>
    </Filter>
  </ItemGroup>
  <ItemGroup>
    <ClInclude Include="src\Hercules.h" />
    <ClInclude Include="src\Hercules\Application\Application.h">
      <Filter>Hercules\Application</Filter>
    </ClInclude>
    <ClInclude Include="src\Hercules\Application\Core.h">
      <Filter>Hercules\Application</Filter>
    </ClInclude>
    <ClInclude Include="src\Hercules\Application\EntryPoint.h">
      <Filter>Hercules\Application</Filter>
    </ClInclude>
    <ClInclude Include="src\Hercules\Input\Input.h">
      <Filter>Hercules\Input</Filter>
    </ClInclude>
    <ClInclude Include="src\Hercules\Input\Keycodes.h">
      <Filter>Hercules\Input</Filter>
    </ClInclude>
    <ClInclude Include="src\Hercules\Input\MouseCodes.h">
      <Filter>Hercules\Input</Filter>
    </ClInclude>
    <ClInclude Include="src\Hercules\Log\Log.h">
      <Filter>Hercules\Log</Filter>
    </ClInclude>
    <ClInclude Include="src\Hercules\Renderer\Context\Context.h">
      <Filter>Hercules\Renderer\Context</Filter>
    </ClInclude>
    <ClInclude Include="src\Hercules\Renderer\Index\IndexBuffer.h">
      <Filter>Hercules\Renderer\Index</Filter>
    </ClInclude>
    <ClInclude Include="src\Hercules\Renderer\Objects\2D\Square\Square.h">
      <Filter>Hercules\Renderer\Objects\2D\Square</Filter>
    </ClInclude>
    <ClInclude Include="src\Hercules\Renderer\Objects\2D\Triangle\Triangle.h">
      <Filter>Hercules\Renderer\Objects\2D\Triangle</Filter>
    </ClInclude>
    <ClInclude Include="src\Hercules\Renderer\Render\Renderer.h">
      <Filter>Hercules\Renderer\Render</Filter>
    </ClInclude>
    <ClInclude Include="src\Hercules\Renderer\Shader\Shader.h">
      <Filter>Hercules\Renderer\Shader</Filter>
    </ClInclude>
    <ClInclude Include="src\Hercules\Renderer\Texture\Texture.h">
      <Filter>Hercules\Renderer\Texture</Filter>
    </ClInclude>
    <ClInclude Include="src\Hercules\Renderer\Vertex\VertexArray.h">
      <Filter>Hercules\Renderer\Vertex</Filter>
    </ClInclude>
    <ClInclude Include="src\Hercules\Renderer\Vertex\VertexBuffer.h">
      <Filter>Hercules\Renderer\Vertex</Filter>
    </ClInclude>
    <ClInclude Include="src\Hercules\Renderer\glm\glm\common.hpp">
      <Filter>Hercules\Renderer\glm\glm</Filter>
    </ClInclude>
    <ClInclude Include="src\Hercules\Renderer\glm\glm\detail\_features.hpp">
      <Filter>Hercules\Renderer\glm\glm\detail</Filter>
    </ClInclude>
    <ClInclude Include="src\Hercules\Renderer\glm\glm\detail\_fixes.hpp">
      <Filter>Hercules\Renderer\glm\glm\detail</Filter>
    </ClInclude>
    <ClInclude Include="src\Hercules\Renderer\glm\glm\detail\_noise.hpp">
      <Filter>Hercules\Renderer\glm\glm\detail</Filter>
    </ClInclude>
    <ClInclude Include="src\Hercules\Renderer\glm\glm\detail\_swizzle.hpp">
      <Filter>Hercules\Renderer\glm\glm\detail</Filter>
    </ClInclude>
    <ClInclude Include="src\Hercules\Renderer\glm\glm\detail\_swizzle_func.hpp">
      <Filter>Hercules\Renderer\glm\glm\detail</Filter>
    </ClInclude>
    <ClInclude Include="src\Hercules\Renderer\glm\glm\detail\_vectorize.hpp">
      <Filter>Hercules\Renderer\glm\glm\detail</Filter>
    </ClInclude>
    <ClInclude Include="src\Hercules\Renderer\glm\glm\detail\compute_common.hpp">
      <Filter>Hercules\Renderer\glm\glm\detail</Filter>
    </ClInclude>
    <ClInclude Include="src\Hercules\Renderer\glm\glm\detail\compute_vector_relational.hpp">
      <Filter>Hercules\Renderer\glm\glm\detail</Filter>
    </ClInclude>
    <ClInclude Include="src\Hercules\Renderer\glm\glm\detail\qualifier.hpp">
      <Filter>Hercules\Renderer\glm\glm\detail</Filter>
    </ClInclude>
    <ClInclude Include="src\Hercules\Renderer\glm\glm\detail\setup.hpp">
      <Filter>Hercules\Renderer\glm\glm\detail</Filter>
    </ClInclude>
    <ClInclude Include="src\Hercules\Renderer\glm\glm\detail\type_float.hpp">
      <Filter>Hercules\Renderer\glm\glm\detail</Filter>
    </ClInclude>
    <ClInclude Include="src\Hercules\Renderer\glm\glm\detail\type_half.hpp">
      <Filter>Hercules\Renderer\glm\glm\detail</Filter>
    </ClInclude>
    <ClInclude Include="src\Hercules\Renderer\glm\glm\detail\type_mat2x2.hpp">
      <Filter>Hercules\Renderer\glm\glm\detail</Filter>
    </ClInclude>
    <ClInclude Include="src\Hercules\Renderer\glm\glm\detail\type_mat2x3.hpp">
      <Filter>Hercules\Renderer\glm\glm\detail</Filter>
    </ClInclude>
    <ClInclude Include="src\Hercules\Renderer\glm\glm\detail\type_mat2x4.hpp">
      <Filter>Hercules\Renderer\glm\glm\detail</Filter>
    </ClInclude>
    <ClInclude Include="src\Hercules\Renderer\glm\glm\detail\type_mat3x2.hpp">
      <Filter>Hercules\Renderer\glm\glm\detail</Filter>
    </ClInclude>
    <ClInclude Include="src\Hercules\Renderer\glm\glm\detail\type_mat3x3.hpp">
      <Filter>Hercules\Renderer\glm\glm\detail</Filter>
    </ClInclude>
    <ClInclude Include="src\Hercules\Renderer\glm\glm\detail\type_mat3x4.hpp">
      <Filter>Hercules\Renderer\glm\glm\detail</Filter>
    </ClInclude>
    <ClInclude Include="src\Hercules\Renderer\glm\glm\detail\type_mat4x2.hpp">
      <Filter>Hercules\Renderer\glm\glm\detail</Filter>
    </ClInclude>
    <ClInclude Include="src\Hercules\Renderer\glm\glm\detail\type_mat4x3.hpp">
      <Filter>Hercules\Renderer\glm\glm\detail</Filter>
    </ClInclude>
    <ClInclude Include="src\Hercules\Renderer\glm\glm\detail\type_mat4x4.hpp">
      <Filter>Hercules\Renderer\glm\glm\detail</Filter>
    </ClInclude>
    <ClInclude Include="src\Hercules\Renderer\glm\glm\detail\type_quat.hpp">
      <Filter>Hercules\Renderer\glm\glm\detail</Filter>
    </ClInclude>
    <ClInclude Include="src\Hercules\Renderer\glm\glm\detail\type_vec1.hpp">
      <Filter>Hercules\Renderer\glm\glm\detail</Filter>
    </ClInclude>
    <ClInclude Include="src\Hercules\Renderer\glm\glm\detail\type_vec2.hpp">
      <Filter>Hercules\Renderer\glm\glm\detail</Filter>
    </ClInclude>
    <ClInclude Include="src\Hercules\Renderer\glm\glm\detail\type_vec3.hpp">
      <Filter>Hercules\Renderer\glm\glm\detail</Filter>
    </ClInclude>
    <ClInclude Include="src\Hercules\Renderer\glm\glm\detail\type_vec4.hpp">
      <Filter>Hercules\Renderer\glm\glm\detail</Filter>
    </ClInclude>
    <ClInclude Include="src\Hercules\Renderer\glm\glm\exponential.hpp">
      <Filter>Hercules\Renderer\glm\glm</Filter>
    </ClInclude>
    <ClInclude Include="src\Hercules\Renderer\glm\glm\ext.hpp">
      <Filter>Hercules\Renderer\glm\glm</Filter>
    </ClInclude>
    <ClInclude Include="src\Hercules\Renderer\glm\glm\ext\matrix_clip_space.hpp">
      <Filter>Hercules\Renderer\glm\glm\ext</Filter>
    </ClInclude>
    <ClInclude Include="src\Hercules\Renderer\glm\glm\ext\matrix_common.hpp">
      <Filter>Hercules\Renderer\glm\glm\ext</Filter>
    </ClInclude>
    <ClInclude Include="src\Hercules\Renderer\glm\glm\ext\matrix_double2x2.hpp">
      <Filter>Hercules\Renderer\glm\glm\ext</Filter>
    </ClInclude>
    <ClInclude Include="src\Hercules\Renderer\glm\glm\ext\matrix_double2x2_precision.hpp">
      <Filter>Hercules\Renderer\glm\glm\ext</Filter>
    </ClInclude>
    <ClInclude Include="src\Hercules\Renderer\glm\glm\ext\matrix_double2x3.hpp">
      <Filter>Hercules\Renderer\glm\glm\ext</Filter>
    </ClInclude>
    <ClInclude Include="src\Hercules\Renderer\glm\glm\ext\matrix_double2x3_precision.hpp">
      <Filter>Hercules\Renderer\glm\glm\ext</Filter>
    </ClInclude>
    <ClInclude Include="src\Hercules\Renderer\glm\glm\ext\matrix_double2x4.hpp">
      <Filter>Hercules\Renderer\glm\glm\ext</Filter>
    </ClInclude>
    <ClInclude Include="src\Hercules\Renderer\glm\glm\ext\matrix_double2x4_precision.hpp">
      <Filter>Hercules\Renderer\glm\glm\ext</Filter>
    </ClInclude>
    <ClInclude Include="src\Hercules\Renderer\glm\glm\ext\matrix_double3x2.hpp">
      <Filter>Hercules\Renderer\glm\glm\ext</Filter>
    </ClInclude>
    <ClInclude Include="src\Hercules\Renderer\glm\glm\ext\matrix_double3x2_precision.hpp">
      <Filter>Hercules\Renderer\glm\glm\ext</Filter>
    </ClInclude>
    <ClInclude Include="src\Hercules\Renderer\glm\glm\ext\matrix_double3x3.hpp">
      <Filter>Hercules\Renderer\glm\glm\ext</Filter>
    </ClInclude>
    <ClInclude Include="src\Hercules\Renderer\glm\glm\ext\matrix_double3x3_precision.hpp">
      <Filter>Hercules\Renderer\glm\glm\ext</Filter>
    </ClInclude>
    <ClInclude Include="src\Hercules\Renderer\glm\glm\ext\matrix_double3x4.hpp">
      <Filter>Hercules\Renderer\glm\glm\ext</Filter>
    </ClInclude>
    <ClInclude Include="src\Hercules\Renderer\glm\glm\ext\matrix_double3x4_precision.hpp">
      <Filter>Hercules\Renderer\glm\glm\ext</Filter>
    </ClInclude>
    <ClInclude Include="src\Hercules\Renderer\glm\glm\ext\matrix_double4x2.hpp">
      <Filter>Hercules\Renderer\glm\glm\ext</Filter>
    </ClInclude>
    <ClInclude Include="src\Hercules\Renderer\glm\glm\ext\matrix_double4x2_precision.hpp">
      <Filter>Hercules\Renderer\glm\glm\ext</Filter>
    </ClInclude>
    <ClInclude Include="src\Hercules\Renderer\glm\glm\ext\matrix_double4x3.hpp">
      <Filter>Hercules\Renderer\glm\glm\ext</Filter>
    </ClInclude>
    <ClInclude Include="src\Hercules\Renderer\glm\glm\ext\matrix_double4x3_precision.hpp">
      <Filter>Hercules\Renderer\glm\glm\ext</Filter>
    </ClInclude>
    <ClInclude Include="src\Hercules\Renderer\glm\glm\ext\matrix_double4x4.hpp">
      <Filter>Hercules\Renderer\glm\glm\ext</Filter>
    </ClInclude>
    <ClInclude Include="src\Hercules\Renderer\glm\glm\ext\matrix_double4x4_precision.hpp">
      <Filter>Hercules\Renderer\glm\glm\ext</Filter>
    </ClInclude>
    <ClInclude Include="src\Hercules\Renderer\glm\glm\ext\matrix_float2x2.hpp">
      <Filter>Hercules\Renderer\glm\glm\ext</Filter>
    </ClInclude>
    <ClInclude Include="src\Hercules\Renderer\glm\glm\ext\matrix_float2x2_precision.hpp">
      <Filter>Hercules\Renderer\glm\glm\ext</Filter>
    </ClInclude>
    <ClInclude Include="src\Hercules\Renderer\glm\glm\ext\matrix_float2x3.hpp">
      <Filter>Hercules\Renderer\glm\glm\ext</Filter>
    </ClInclude>
    <ClInclude Include="src\Hercules\Renderer\glm\glm\ext\matrix_float2x3_precision.hpp">
      <Filter>Hercules\Renderer\glm\glm\ext</Filter>
    </ClInclude>
    <ClInclude Include="src\Hercules\Renderer\glm\glm\ext\matrix_float2x4.hpp">
      <Filter>Hercules\Renderer\glm\glm\ext</Filter>
    </ClInclude>
    <ClInclude Include="src\Hercules\Renderer\glm\glm\ext\matrix_float2x4_precision.hpp">
      <Filter>Hercules\Renderer\glm\glm\ext</Filter>
    </ClInclude>
    <ClInclude Include="src\Hercules\Renderer\glm\glm\ext\matrix_float3x2.hpp">
      <Filter>Hercules\Renderer\glm\glm\ext</Filter>
    </ClInclude>
    <ClInclude Include="src\Hercules\Renderer\glm\glm\ext\matrix_float3x2_precision.hpp">
      <Filter>Hercules\Renderer\glm\glm\ext</Filter>
    </ClInclude>
    <ClInclude Include="src\Hercules\Renderer\glm\glm\ext\matrix_float3x3.hpp">
      <Filter>Hercules\Renderer\glm\glm\ext</Filter>
    </ClInclude>
    <ClInclude Include="src\Hercules\Renderer\glm\glm\ext\matrix_float3x3_precision.hpp">
      <Filter>Hercules\Renderer\glm\glm\ext</Filter>
    </ClInclude>
    <ClInclude Include="src\Hercules\Renderer\glm\glm\ext\matrix_float3x4.hpp">
      <Filter>Hercules\Renderer\glm\glm\ext</Filter>
    </ClInclude>
    <ClInclude Include="src\Hercules\Renderer\glm\glm\ext\matrix_float3x4_precision.hpp">
      <Filter>Hercules\Renderer\glm\glm\ext</Filter>
    </ClInclude>
    <ClInclude Include="src\Hercules\Renderer\glm\glm\ext\matrix_float4x2.hpp">
      <Filter>Hercules\Renderer\glm\glm\ext</Filter>
    </ClInclude>
    <ClInclude Include="src\Hercules\Renderer\glm\glm\ext\matrix_float4x2_precision.hpp">
      <Filter>Hercules\Renderer\glm\glm\ext</Filter>
    </ClInclude>
    <ClInclude Include="src\Hercules\Renderer\glm\glm\ext\matrix_float4x3.hpp">
      <Filter>Hercules\Renderer\glm\glm\ext</Filter>
    </ClInclude>
    <ClInclude Include="src\Hercules\Renderer\glm\glm\ext\matrix_float4x3_precision.hpp">
      <Filter>Hercules\Renderer\glm\glm\ext</Filter>
    </ClInclude>
    <ClInclude Include="src\Hercules\Renderer\glm\glm\ext\matrix_float4x4.hpp">
      <Filter>Hercules\Renderer\glm\glm\ext</Filter>
    </ClInclude>
    <ClInclude Include="src\Hercules\Renderer\glm\glm\ext\matrix_float4x4_precision.hpp">
      <Filter>Hercules\Renderer\glm\glm\ext</Filter>
    </ClInclude>
    <ClInclude Include="src\Hercules\Renderer\glm\glm\ext\matrix_int2x2.hpp">
      <Filter>Hercules\Renderer\glm\glm\ext</Filter>
    </ClInclude>
    <ClInclude Include="src\Hercules\Renderer\glm\glm\ext\matrix_int2x2_sized.hpp">
      <Filter>Hercules\Renderer\glm\glm\ext</Filter>
    </ClInclude>
    <ClInclude Include="src\Hercules\Renderer\glm\glm\ext\matrix_int2x3.hpp">
      <Filter>Hercules\Renderer\glm\glm\ext</Filter>
    </ClInclude>
    <ClInclude Include="src\Hercules\Renderer\glm\glm\ext\matrix_int2x3_sized.hpp">
      <Filter>Hercules\Renderer\glm\glm\ext</Filter>
    </ClInclude>
    <ClInclude Include="src\Hercules\Renderer\glm\glm\ext\matrix_int2x4.hpp">
      <Filter>Hercules\Renderer\glm\glm\ext</Filter>
    </ClInclude>
    <ClInclude Include="src\Hercules\Renderer\glm\glm\ext\matrix_int2x4_sized.hpp">
      <Filter>Hercules\Renderer\glm\glm\ext</Filter>
    </ClInclude>
    <ClInclude Include="src\Hercules\Renderer\glm\glm\ext\matrix_int3x2.hpp">
      <Filter>Hercules\Renderer\glm\glm\ext</Filter>
    </ClInclude>
    <ClInclude Include="src\Hercules\Renderer\glm\glm\ext\matrix_int3x2_sized.hpp">
      <Filter>Hercules\Renderer\glm\glm\ext</Filter>
    </ClInclude>
    <ClInclude Include="src\Hercules\Renderer\glm\glm\ext\matrix_int3x3.hpp">
      <Filter>Hercules\Renderer\glm\glm\ext</Filter>
    </ClInclude>
    <ClInclude Include="src\Hercules\Renderer\glm\glm\ext\matrix_int3x3_sized.hpp">
      <Filter>Hercules\Renderer\glm\glm\ext</Filter>
    </ClInclude>
    <ClInclude Include="src\Hercules\Renderer\glm\glm\ext\matrix_int3x4.hpp">
      <Filter>Hercules\Renderer\glm\glm\ext</Filter>
    </ClInclude>
    <ClInclude Include="src\Hercules\Renderer\glm\glm\ext\matrix_int3x4_sized.hpp">
      <Filter>Hercules\Renderer\glm\glm\ext</Filter>
    </ClInclude>
    <ClInclude Include="src\Hercules\Renderer\glm\glm\ext\matrix_int4x2.hpp">
      <Filter>Hercules\Renderer\glm\glm\ext</Filter>
    </ClInclude>
    <ClInclude Include="src\Hercules\Renderer\glm\glm\ext\matrix_int4x2_sized.hpp">
      <Filter>Hercules\Renderer\glm\glm\ext</Filter>
    </ClInclude>
    <ClInclude Include="src\Hercules\Renderer\glm\glm\ext\matrix_int4x3.hpp">
      <Filter>Hercules\Renderer\glm\glm\ext</Filter>
    </ClInclude>
    <ClInclude Include="src\Hercules\Renderer\glm\glm\ext\matrix_int4x3_sized.hpp">
      <Filter>Hercules\Renderer\glm\glm\ext</Filter>
    </ClInclude>
    <ClInclude Include="src\Hercules\Renderer\glm\glm\ext\matrix_int4x4.hpp">
      <Filter>Hercules\Renderer\glm\glm\ext</Filter>
    </ClInclude>
    <ClInclude Include="src\Hercules\Renderer\glm\glm\ext\matrix_int4x4_sized.hpp">
      <Filter>Hercules\Renderer\glm\glm\ext</Filter>
    </ClInclude>
    <ClInclude Include="src\Hercules\Renderer\glm\glm\ext\matrix_projection.hpp">
      <Filter>Hercules\Renderer\glm\glm\ext</Filter>
    </ClInclude>
    <ClInclude Include="src\Hercules\Renderer\glm\glm\ext\matrix_relational.hpp">
      <Filter>Hercules\Renderer\glm\glm\ext</Filter>
    </ClInclude>
    <ClInclude Include="src\Hercules\Renderer\glm\glm\ext\matrix_transform.hpp">
      <Filter>Hercules\Renderer\glm\glm\ext</Filter>
    </ClInclude>
    <ClInclude Include="src\Hercules\Renderer\glm\glm\ext\matrix_uint2x2.hpp">
      <Filter>Hercules\Renderer\glm\glm\ext</Filter>
    </ClInclude>
    <ClInclude Include="src\Hercules\Renderer\glm\glm\ext\matrix_uint2x2_sized.hpp">
      <Filter>Hercules\Renderer\glm\glm\ext</Filter>
    </ClInclude>
    <ClInclude Include="src\Hercules\Renderer\glm\glm\ext\matrix_uint2x3.hpp">
      <Filter>Hercules\Renderer\glm\glm\ext</Filter>
    </ClInclude>
    <ClInclude Include="src\Hercules\Renderer\glm\glm\ext\matrix_uint2x3_sized.hpp">
      <Filter>Hercules\Renderer\glm\glm\ext</Filter>
    </ClInclude>
    <ClInclude Include="src\Hercules\Renderer\glm\glm\ext\matrix_uint2x4.hpp">
      <Filter>Hercules\Renderer\glm\glm\ext</Filter>
    </ClInclude>
    <ClInclude Include="src\Hercules\Renderer\glm\glm\ext\matrix_uint2x4_sized.hpp">
      <Filter>Hercules\Renderer\glm\glm\ext</Filter>
    </ClInclude>
    <ClInclude Include="src\Hercules\Renderer\glm\glm\ext\matrix_uint3x2.hpp">
      <Filter>Hercules\Renderer\glm\glm\ext</Filter>
    </ClInclude>
    <ClInclude Include="src\Hercules\Renderer\glm\glm\ext\matrix_uint3x2_sized.hpp">
      <Filter>Hercules\Renderer\glm\glm\ext</Filter>
    </ClInclude>
    <ClInclude Include="src\Hercules\Renderer\glm\glm\ext\matrix_uint3x3.hpp">
      <Filter>Hercules\Renderer\glm\glm\ext</Filter>
    </ClInclude>
    <ClInclude Include="src\Hercules\Renderer\glm\glm\ext\matrix_uint3x3_sized.hpp">
      <Filter>Hercules\Renderer\glm\glm\ext</Filter>
    </ClInclude>
    <ClInclude Include="src\Hercules\Renderer\glm\glm\ext\matrix_uint3x4.hpp">
      <Filter>Hercules\Renderer\glm\glm\ext</Filter>
    </ClInclude>
    <ClInclude Include="src\Hercules\Renderer\glm\glm\ext\matrix_uint3x4_sized.hpp">
      <Filter>Hercules\Renderer\glm\glm\ext</Filter>
    </ClInclude>
    <ClInclude Include="src\Hercules\Renderer\glm\glm\ext\matrix_uint4x2.hpp">
      <Filter>Hercules\Renderer\glm\glm\ext</Filter>
    </ClInclude>
    <ClInclude Include="src\Hercules\Renderer\glm\glm\ext\matrix_uint4x2_sized.hpp">
      <Filter>Hercules\Renderer\glm\glm\ext</Filter>
    </ClInclude>
    <ClInclude Include="src\Hercules\Renderer\glm\glm\ext\matrix_uint4x3.hpp">
      <Filter>Hercules\Renderer\glm\glm\ext</Filter>
    </ClInclude>
    <ClInclude Include="src\Hercules\Renderer\glm\glm\ext\matrix_uint4x3_sized.hpp">
      <Filter>Hercules\Renderer\glm\glm\ext</Filter>
    </ClInclude>
    <ClInclude Include="src\Hercules\Renderer\glm\glm\ext\matrix_uint4x4.hpp">
      <Filter>Hercules\Renderer\glm\glm\ext</Filter>
    </ClInclude>
    <ClInclude Include="src\Hercules\Renderer\glm\glm\ext\matrix_uint4x4_sized.hpp">
      <Filter>Hercules\Renderer\glm\glm\ext</Filter>
    </ClInclude>
    <ClInclude Include="src\Hercules\Renderer\glm\glm\ext\quaternion_common.hpp">
      <Filter>Hercules\Renderer\glm\glm\ext</Filter>
    </ClInclude>
    <ClInclude Include="src\Hercules\Renderer\glm\glm\ext\quaternion_double.hpp">
      <Filter>Hercules\Renderer\glm\glm\ext</Filter>
    </ClInclude>
    <ClInclude Include="src\Hercules\Renderer\glm\glm\ext\quaternion_double_precision.hpp">
      <Filter>Hercules\Renderer\glm\glm\ext</Filter>
    </ClInclude>
    <ClInclude Include="src\Hercules\Renderer\glm\glm\ext\quaternion_exponential.hpp">
      <Filter>Hercules\Renderer\glm\glm\ext</Filter>
    </ClInclude>
    <ClInclude Include="src\Hercules\Renderer\glm\glm\ext\quaternion_float.hpp">
      <Filter>Hercules\Renderer\glm\glm\ext</Filter>
    </ClInclude>
    <ClInclude Include="src\Hercules\Renderer\glm\glm\ext\quaternion_float_precision.hpp">
      <Filter>Hercules\Renderer\glm\glm\ext</Filter>
    </ClInclude>
    <ClInclude Include="src\Hercules\Renderer\glm\glm\ext\quaternion_geometric.hpp">
      <Filter>Hercules\Renderer\glm\glm\ext</Filter>
    </ClInclude>
    <ClInclude Include="src\Hercules\Renderer\glm\glm\ext\quaternion_relational.hpp">
      <Filter>Hercules\Renderer\glm\glm\ext</Filter>
    </ClInclude>
    <ClInclude Include="src\Hercules\Renderer\glm\glm\ext\quaternion_transform.hpp">
      <Filter>Hercules\Renderer\glm\glm\ext</Filter>
    </ClInclude>
    <ClInclude Include="src\Hercules\Renderer\glm\glm\ext\quaternion_trigonometric.hpp">
      <Filter>Hercules\Renderer\glm\glm\ext</Filter>
    </ClInclude>
    <ClInclude Include="src\Hercules\Renderer\glm\glm\ext\scalar_common.hpp">
      <Filter>Hercules\Renderer\glm\glm\ext</Filter>
    </ClInclude>
    <ClInclude Include="src\Hercules\Renderer\glm\glm\ext\scalar_constants.hpp">
      <Filter>Hercules\Renderer\glm\glm\ext</Filter>
    </ClInclude>
    <ClInclude Include="src\Hercules\Renderer\glm\glm\ext\scalar_int_sized.hpp">
      <Filter>Hercules\Renderer\glm\glm\ext</Filter>
    </ClInclude>
    <ClInclude Include="src\Hercules\Renderer\glm\glm\ext\scalar_integer.hpp">
      <Filter>Hercules\Renderer\glm\glm\ext</Filter>
    </ClInclude>
    <ClInclude Include="src\Hercules\Renderer\glm\glm\ext\scalar_packing.hpp">
      <Filter>Hercules\Renderer\glm\glm\ext</Filter>
    </ClInclude>
    <ClInclude Include="src\Hercules\Renderer\glm\glm\ext\scalar_relational.hpp">
      <Filter>Hercules\Renderer\glm\glm\ext</Filter>
    </ClInclude>
    <ClInclude Include="src\Hercules\Renderer\glm\glm\ext\scalar_uint_sized.hpp">
      <Filter>Hercules\Renderer\glm\glm\ext</Filter>
    </ClInclude>
    <ClInclude Include="src\Hercules\Renderer\glm\glm\ext\scalar_ulp.hpp">
      <Filter>Hercules\Renderer\glm\glm\ext</Filter>
    </ClInclude>
    <ClInclude Include="src\Hercules\Renderer\glm\glm\ext\vector_bool1.hpp">
      <Filter>Hercules\Renderer\glm\glm\ext</Filter>
    </ClInclude>
    <ClInclude Include="src\Hercules\Renderer\glm\glm\ext\vector_bool1_precision.hpp">
      <Filter>Hercules\Renderer\glm\glm\ext</Filter>
    </ClInclude>
    <ClInclude Include="src\Hercules\Renderer\glm\glm\ext\vector_bool2.hpp">
      <Filter>Hercules\Renderer\glm\glm\ext</Filter>
    </ClInclude>
    <ClInclude Include="src\Hercules\Renderer\glm\glm\ext\vector_bool2_precision.hpp">
      <Filter>Hercules\Renderer\glm\glm\ext</Filter>
    </ClInclude>
    <ClInclude Include="src\Hercules\Renderer\glm\glm\ext\vector_bool3.hpp">
      <Filter>Hercules\Renderer\glm\glm\ext</Filter>
    </ClInclude>
    <ClInclude Include="src\Hercules\Renderer\glm\glm\ext\vector_bool3_precision.hpp">
      <Filter>Hercules\Renderer\glm\glm\ext</Filter>
    </ClInclude>
    <ClInclude Include="src\Hercules\Renderer\glm\glm\ext\vector_bool4.hpp">
      <Filter>Hercules\Renderer\glm\glm\ext</Filter>
    </ClInclude>
    <ClInclude Include="src\Hercules\Renderer\glm\glm\ext\vector_bool4_precision.hpp">
      <Filter>Hercules\Renderer\glm\glm\ext</Filter>
    </ClInclude>
    <ClInclude Include="src\Hercules\Renderer\glm\glm\ext\vector_common.hpp">
      <Filter>Hercules\Renderer\glm\glm\ext</Filter>
    </ClInclude>
    <ClInclude Include="src\Hercules\Renderer\glm\glm\ext\vector_double1.hpp">
      <Filter>Hercules\Renderer\glm\glm\ext</Filter>
    </ClInclude>
    <ClInclude Include="src\Hercules\Renderer\glm\glm\ext\vector_double1_precision.hpp">
      <Filter>Hercules\Renderer\glm\glm\ext</Filter>
    </ClInclude>
    <ClInclude Include="src\Hercules\Renderer\glm\glm\ext\vector_double2.hpp">
      <Filter>Hercules\Renderer\glm\glm\ext</Filter>
    </ClInclude>
    <ClInclude Include="src\Hercules\Renderer\glm\glm\ext\vector_double2_precision.hpp">
      <Filter>Hercules\Renderer\glm\glm\ext</Filter>
    </ClInclude>
    <ClInclude Include="src\Hercules\Renderer\glm\glm\ext\vector_double3.hpp">
      <Filter>Hercules\Renderer\glm\glm\ext</Filter>
    </ClInclude>
    <ClInclude Include="src\Hercules\Renderer\glm\glm\ext\vector_double3_precision.hpp">
      <Filter>Hercules\Renderer\glm\glm\ext</Filter>
    </ClInclude>
    <ClInclude Include="src\Hercules\Renderer\glm\glm\ext\vector_double4.hpp">
      <Filter>Hercules\Renderer\glm\glm\ext</Filter>
    </ClInclude>
    <ClInclude Include="src\Hercules\Renderer\glm\glm\ext\vector_double4_precision.hpp">
      <Filter>Hercules\Renderer\glm\glm\ext</Filter>
    </ClInclude>
    <ClInclude Include="src\Hercules\Renderer\glm\glm\ext\vector_float1.hpp">
      <Filter>Hercules\Renderer\glm\glm\ext</Filter>
    </ClInclude>
    <ClInclude Include="src\Hercules\Renderer\glm\glm\ext\vector_float1_precision.hpp">
      <Filter>Hercules\Renderer\glm\glm\ext</Filter>
    </ClInclude>
    <ClInclude Include="src\Hercules\Renderer\glm\glm\ext\vector_float2.hpp">
      <Filter>Hercules\Renderer\glm\glm\ext</Filter>
    </ClInclude>
    <ClInclude Include="src\Hercules\Renderer\glm\glm\ext\vector_float2_precision.hpp">
      <Filter>Hercules\Renderer\glm\glm\ext</Filter>
    </ClInclude>
    <ClInclude Include="src\Hercules\Renderer\glm\glm\ext\vector_float3.hpp">
      <Filter>Hercules\Renderer\glm\glm\ext</Filter>
    </ClInclude>
    <ClInclude Include="src\Hercules\Renderer\glm\glm\ext\vector_float3_precision.hpp">
      <Filter>Hercules\Renderer\glm\glm\ext</Filter>
    </ClInclude>
    <ClInclude Include="src\Hercules\Renderer\glm\glm\ext\vector_float4.hpp">
      <Filter>Hercules\Renderer\glm\glm\ext</Filter>
    </ClInclude>
    <ClInclude Include="src\Hercules\Renderer\glm\glm\ext\vector_float4_precision.hpp">
      <Filter>Hercules\Renderer\glm\glm\ext</Filter>
    </ClInclude>
    <ClInclude Include="src\Hercules\Renderer\glm\glm\ext\vector_int1.hpp">
      <Filter>Hercules\Renderer\glm\glm\ext</Filter>
    </ClInclude>
    <ClInclude Include="src\Hercules\Renderer\glm\glm\ext\vector_int1_sized.hpp">
      <Filter>Hercules\Renderer\glm\glm\ext</Filter>
    </ClInclude>
    <ClInclude Include="src\Hercules\Renderer\glm\glm\ext\vector_int2.hpp">
      <Filter>Hercules\Renderer\glm\glm\ext</Filter>
    </ClInclude>
    <ClInclude Include="src\Hercules\Renderer\glm\glm\ext\vector_int2_sized.hpp">
      <Filter>Hercules\Renderer\glm\glm\ext</Filter>
    </ClInclude>
    <ClInclude Include="src\Hercules\Renderer\glm\glm\ext\vector_int3.hpp">
      <Filter>Hercules\Renderer\glm\glm\ext</Filter>
    </ClInclude>
    <ClInclude Include="src\Hercules\Renderer\glm\glm\ext\vector_int3_sized.hpp">
      <Filter>Hercules\Renderer\glm\glm\ext</Filter>
    </ClInclude>
    <ClInclude Include="src\Hercules\Renderer\glm\glm\ext\vector_int4.hpp">
      <Filter>Hercules\Renderer\glm\glm\ext</Filter>
    </ClInclude>
    <ClInclude Include="src\Hercules\Renderer\glm\glm\ext\vector_int4_sized.hpp">
      <Filter>Hercules\Renderer\glm\glm\ext</Filter>
    </ClInclude>
    <ClInclude Include="src\Hercules\Renderer\glm\glm\ext\vector_integer.hpp">
      <Filter>Hercules\Renderer\glm\glm\ext</Filter>
    </ClInclude>
    <ClInclude Include="src\Hercules\Renderer\glm\glm\ext\vector_packing.hpp">
      <Filter>Hercules\Renderer\glm\glm\ext</Filter>
    </ClInclude>
    <ClInclude Include="src\Hercules\Renderer\glm\glm\ext\vector_relational.hpp">
      <Filter>Hercules\Renderer\glm\glm\ext</Filter>
    </ClInclude>
    <ClInclude Include="src\Hercules\Renderer\glm\glm\ext\vector_uint1.hpp">
      <Filter>Hercules\Renderer\glm\glm\ext</Filter>
    </ClInclude>
    <ClInclude Include="src\Hercules\Renderer\glm\glm\ext\vector_uint1_sized.hpp">
      <Filter>Hercules\Renderer\glm\glm\ext</Filter>
    </ClInclude>
    <ClInclude Include="src\Hercules\Renderer\glm\glm\ext\vector_uint2.hpp">
      <Filter>Hercules\Renderer\glm\glm\ext</Filter>
    </ClInclude>
    <ClInclude Include="src\Hercules\Renderer\glm\glm\ext\vector_uint2_sized.hpp">
      <Filter>Hercules\Renderer\glm\glm\ext</Filter>
    </ClInclude>
    <ClInclude Include="src\Hercules\Renderer\glm\glm\ext\vector_uint3.hpp">
      <Filter>Hercules\Renderer\glm\glm\ext</Filter>
    </ClInclude>
    <ClInclude Include="src\Hercules\Renderer\glm\glm\ext\vector_uint3_sized.hpp">
      <Filter>Hercules\Renderer\glm\glm\ext</Filter>
    </ClInclude>
    <ClInclude Include="src\Hercules\Renderer\glm\glm\ext\vector_uint4.hpp">
      <Filter>Hercules\Renderer\glm\glm\ext</Filter>
    </ClInclude>
    <ClInclude Include="src\Hercules\Renderer\glm\glm\ext\vector_uint4_sized.hpp">
      <Filter>Hercules\Renderer\glm\glm\ext</Filter>
    </ClInclude>
    <ClInclude Include="src\Hercules\Renderer\glm\glm\ext\vector_ulp.hpp">
      <Filter>Hercules\Renderer\glm\glm\ext</Filter>
    </ClInclude>
    <ClInclude Include="src\Hercules\Renderer\glm\glm\fwd.hpp">
      <Filter>Hercules\Renderer\glm\glm</Filter>
    </ClInclude>
    <ClInclude Include="src\Hercules\Renderer\glm\glm\geometric.hpp">
      <Filter>Hercules\Renderer\glm\glm</Filter>
    </ClInclude>
    <ClInclude Include="src\Hercules\Renderer\glm\glm\glm.hpp">
      <Filter>Hercules\Renderer\glm\glm</Filter>
    </ClInclude>
    <ClInclude Include="src\Hercules\Renderer\glm\glm\gtc\bitfield.hpp">
      <Filter>Hercules\Renderer\glm\glm\gtc</Filter>
    </ClInclude>
    <ClInclude Include="src\Hercules\Renderer\glm\glm\gtc\color_space.hpp">
      <Filter>Hercules\Renderer\glm\glm\gtc</Filter>
    </ClInclude>
    <ClInclude Include="src\Hercules\Renderer\glm\glm\gtc\constants.hpp">
      <Filter>Hercules\Renderer\glm\glm\gtc</Filter>
    </ClInclude>
    <ClInclude Include="src\Hercules\Renderer\glm\glm\gtc\epsilon.hpp">
      <Filter>Hercules\Renderer\glm\glm\gtc</Filter>
    </ClInclude>
    <ClInclude Include="src\Hercules\Renderer\glm\glm\gtc\integer.hpp">
      <Filter>Hercules\Renderer\glm\glm\gtc</Filter>
    </ClInclude>
    <ClInclude Include="src\Hercules\Renderer\glm\glm\gtc\matrix_access.hpp">
      <Filter>Hercules\Renderer\glm\glm\gtc</Filter>
    </ClInclude>
    <ClInclude Include="src\Hercules\Renderer\glm\glm\gtc\matrix_integer.hpp">
      <Filter>Hercules\Renderer\glm\glm\gtc</Filter>
    </ClInclude>
    <ClInclude Include="src\Hercules\Renderer\glm\glm\gtc\matrix_inverse.hpp">
      <Filter>Hercules\Renderer\glm\glm\gtc</Filter>
    </ClInclude>
    <ClInclude Include="src\Hercules\Renderer\glm\glm\gtc\matrix_transform.hpp">
      <Filter>Hercules\Renderer\glm\glm\gtc</Filter>
    </ClInclude>
    <ClInclude Include="src\Hercules\Renderer\glm\glm\gtc\noise.hpp">
      <Filter>Hercules\Renderer\glm\glm\gtc</Filter>
    </ClInclude>
    <ClInclude Include="src\Hercules\Renderer\glm\glm\gtc\packing.hpp">
      <Filter>Hercules\Renderer\glm\glm\gtc</Filter>
    </ClInclude>
    <ClInclude Include="src\Hercules\Renderer\glm\glm\gtc\quaternion.hpp">
      <Filter>Hercules\Renderer\glm\glm\gtc</Filter>
    </ClInclude>
    <ClInclude Include="src\Hercules\Renderer\glm\glm\gtc\random.hpp">
      <Filter>Hercules\Renderer\glm\glm\gtc</Filter>
    </ClInclude>
    <ClInclude Include="src\Hercules\Renderer\glm\glm\gtc\reciprocal.hpp">
      <Filter>Hercules\Renderer\glm\glm\gtc</Filter>
    </ClInclude>
    <ClInclude Include="src\Hercules\Renderer\glm\glm\gtc\round.hpp">
      <Filter>Hercules\Renderer\glm\glm\gtc</Filter>
    </ClInclude>
    <ClInclude Include="src\Hercules\Renderer\glm\glm\gtc\type_aligned.hpp">
      <Filter>Hercules\Renderer\glm\glm\gtc</Filter>
    </ClInclude>
    <ClInclude Include="src\Hercules\Renderer\glm\glm\gtc\type_precision.hpp">
      <Filter>Hercules\Renderer\glm\glm\gtc</Filter>
    </ClInclude>
    <ClInclude Include="src\Hercules\Renderer\glm\glm\gtc\type_ptr.hpp">
      <Filter>Hercules\Renderer\glm\glm\gtc</Filter>
    </ClInclude>
    <ClInclude Include="src\Hercules\Renderer\glm\glm\gtc\ulp.hpp">
      <Filter>Hercules\Renderer\glm\glm\gtc</Filter>
    </ClInclude>
    <ClInclude Include="src\Hercules\Renderer\glm\glm\gtc\vec1.hpp">
      <Filter>Hercules\Renderer\glm\glm\gtc</Filter>
    </ClInclude>
    <ClInclude Include="src\Hercules\Renderer\glm\glm\gtx\associated_min_max.hpp">
      <Filter>Hercules\Renderer\glm\glm\gtx</Filter>
    </ClInclude>
    <ClInclude Include="src\Hercules\Renderer\glm\glm\gtx\bit.hpp">
      <Filter>Hercules\Renderer\glm\glm\gtx</Filter>
    </ClInclude>
    <ClInclude Include="src\Hercules\Renderer\glm\glm\gtx\closest_point.hpp">
      <Filter>Hercules\Renderer\glm\glm\gtx</Filter>
    </ClInclude>
    <ClInclude Include="src\Hercules\Renderer\glm\glm\gtx\color_encoding.hpp">
      <Filter>Hercules\Renderer\glm\glm\gtx</Filter>
    </ClInclude>
    <ClInclude Include="src\Hercules\Renderer\glm\glm\gtx\color_space.hpp">
      <Filter>Hercules\Renderer\glm\glm\gtx</Filter>
    </ClInclude>
    <ClInclude Include="src\Hercules\Renderer\glm\glm\gtx\color_space_YCoCg.hpp">
      <Filter>Hercules\Renderer\glm\glm\gtx</Filter>
    </ClInclude>
    <ClInclude Include="src\Hercules\Renderer\glm\glm\gtx\common.hpp">
      <Filter>Hercules\Renderer\glm\glm\gtx</Filter>
    </ClInclude>
    <ClInclude Include="src\Hercules\Renderer\glm\glm\gtx\compatibility.hpp">
      <Filter>Hercules\Renderer\glm\glm\gtx</Filter>
    </ClInclude>
    <ClInclude Include="src\Hercules\Renderer\glm\glm\gtx\component_wise.hpp">
      <Filter>Hercules\Renderer\glm\glm\gtx</Filter>
    </ClInclude>
    <ClInclude Include="src\Hercules\Renderer\glm\glm\gtx\dual_quaternion.hpp">
      <Filter>Hercules\Renderer\glm\glm\gtx</Filter>
    </ClInclude>
    <ClInclude Include="src\Hercules\Renderer\glm\glm\gtx\easing.hpp">
      <Filter>Hercules\Renderer\glm\glm\gtx</Filter>
    </ClInclude>
    <ClInclude Include="src\Hercules\Renderer\glm\glm\gtx\euler_angles.hpp">
      <Filter>Hercules\Renderer\glm\glm\gtx</Filter>
    </ClInclude>
    <ClInclude Include="src\Hercules\Renderer\glm\glm\gtx\extend.hpp">
      <Filter>Hercules\Renderer\glm\glm\gtx</Filter>
    </ClInclude>
    <ClInclude Include="src\Hercules\Renderer\glm\glm\gtx\extended_min_max.hpp">
      <Filter>Hercules\Renderer\glm\glm\gtx</Filter>
    </ClInclude>
    <ClInclude Include="src\Hercules\Renderer\glm\glm\gtx\exterior_product.hpp">
      <Filter>Hercules\Renderer\glm\glm\gtx</Filter>
    </ClInclude>
    <ClInclude Include="src\Hercules\Renderer\glm\glm\gtx\fast_exponential.hpp">
      <Filter>Hercules\Renderer\glm\glm\gtx</Filter>
    </ClInclude>
    <ClInclude Include="src\Hercules\Renderer\glm\glm\gtx\fast_square_root.hpp">
      <Filter>Hercules\Renderer\glm\glm\gtx</Filter>
    </ClInclude>
    <ClInclude Include="src\Hercules\Renderer\glm\glm\gtx\fast_trigonometry.hpp">
      <Filter>Hercules\Renderer\glm\glm\gtx</Filter>
    </ClInclude>
    <ClInclude Include="src\Hercules\Renderer\glm\glm\gtx\functions.hpp">
      <Filter>Hercules\Renderer\glm\glm\gtx</Filter>
    </ClInclude>
    <ClInclude Include="src\Hercules\Renderer\glm\glm\gtx\gradient_paint.hpp">
      <Filter>Hercules\Renderer\glm\glm\gtx</Filter>
    </ClInclude>
    <ClInclude Include="src\Hercules\Renderer\glm\glm\gtx\handed_coordinate_space.hpp">
      <Filter>Hercules\Renderer\glm\glm\gtx</Filter>
    </ClInclude>
    <ClInclude Include="src\Hercules\Renderer\glm\glm\gtx\hash.hpp">
      <Filter>Hercules\Renderer\glm\glm\gtx</Filter>
    </ClInclude>
    <ClInclude Include="src\Hercules\Renderer\glm\glm\gtx\integer.hpp">
      <Filter>Hercules\Renderer\glm\glm\gtx</Filter>
    </ClInclude>
    <ClInclude Include="src\Hercules\Renderer\glm\glm\gtx\intersect.hpp">
      <Filter>Hercules\Renderer\glm\glm\gtx</Filter>
    </ClInclude>
    <ClInclude Include="src\Hercules\Renderer\glm\glm\gtx\io.hpp">
      <Filter>Hercules\Renderer\glm\glm\gtx</Filter>
    </ClInclude>
    <ClInclude Include="src\Hercules\Renderer\glm\glm\gtx\log_base.hpp">
      <Filter>Hercules\Renderer\glm\glm\gtx</Filter>
    </ClInclude>
    <ClInclude Include="src\Hercules\Renderer\glm\glm\gtx\matrix_cross_product.hpp">
      <Filter>Hercules\Renderer\glm\glm\gtx</Filter>
    </ClInclude>
    <ClInclude Include="src\Hercules\Renderer\glm\glm\gtx\matrix_decompose.hpp">
      <Filter>Hercules\Renderer\glm\glm\gtx</Filter>
    </ClInclude>
    <ClInclude Include="src\Hercules\Renderer\glm\glm\gtx\matrix_factorisation.hpp">
      <Filter>Hercules\Renderer\glm\glm\gtx</Filter>
    </ClInclude>
    <ClInclude Include="src\Hercules\Renderer\glm\glm\gtx\matrix_interpolation.hpp">
      <Filter>Hercules\Renderer\glm\glm\gtx</Filter>
    </ClInclude>
    <ClInclude Include="src\Hercules\Renderer\glm\glm\gtx\matrix_major_storage.hpp">
      <Filter>Hercules\Renderer\glm\glm\gtx</Filter>
    </ClInclude>
    <ClInclude Include="src\Hercules\Renderer\glm\glm\gtx\matrix_operation.hpp">
      <Filter>Hercules\Renderer\glm\glm\gtx</Filter>
    </ClInclude>
    <ClInclude Include="src\Hercules\Renderer\glm\glm\gtx\matrix_query.hpp">
      <Filter>Hercules\Renderer\glm\glm\gtx</Filter>
    </ClInclude>
    <ClInclude Include="src\Hercules\Renderer\glm\glm\gtx\matrix_transform_2d.hpp">
      <Filter>Hercules\Renderer\glm\glm\gtx</Filter>
    </ClInclude>
    <ClInclude Include="src\Hercules\Renderer\glm\glm\gtx\mixed_product.hpp">
      <Filter>Hercules\Renderer\glm\glm\gtx</Filter>
    </ClInclude>
    <ClInclude Include="src\Hercules\Renderer\glm\glm\gtx\norm.hpp">
      <Filter>Hercules\Renderer\glm\glm\gtx</Filter>
    </ClInclude>
    <ClInclude Include="src\Hercules\Renderer\glm\glm\gtx\normal.hpp">
      <Filter>Hercules\Renderer\glm\glm\gtx</Filter>
    </ClInclude>
    <ClInclude Include="src\Hercules\Renderer\glm\glm\gtx\normalize_dot.hpp">
      <Filter>Hercules\Renderer\glm\glm\gtx</Filter>
    </ClInclude>
    <ClInclude Include="src\Hercules\Renderer\glm\glm\gtx\number_precision.hpp">
      <Filter>Hercules\Renderer\glm\glm\gtx</Filter>
    </ClInclude>
    <ClInclude Include="src\Hercules\Renderer\glm\glm\gtx\optimum_pow.hpp">
      <Filter>Hercules\Renderer\glm\glm\gtx</Filter>
    </ClInclude>
    <ClInclude Include="src\Hercules\Renderer\glm\glm\gtx\orthonormalize.hpp">
      <Filter>Hercules\Renderer\glm\glm\gtx</Filter>
    </ClInclude>
    <ClInclude Include="src\Hercules\Renderer\glm\glm\gtx\perpendicular.hpp">
      <Filter>Hercules\Renderer\glm\glm\gtx</Filter>
    </ClInclude>
    <ClInclude Include="src\Hercules\Renderer\glm\glm\gtx\polar_coordinates.hpp">
      <Filter>Hercules\Renderer\glm\glm\gtx</Filter>
    </ClInclude>
    <ClInclude Include="src\Hercules\Renderer\glm\glm\gtx\projection.hpp">
      <Filter>Hercules\Renderer\glm\glm\gtx</Filter>
    </ClInclude>
    <ClInclude Include="src\Hercules\Renderer\glm\glm\gtx\quaternion.hpp">
      <Filter>Hercules\Renderer\glm\glm\gtx</Filter>
    </ClInclude>
    <ClInclude Include="src\Hercules\Renderer\glm\glm\gtx\range.hpp">
      <Filter>Hercules\Renderer\glm\glm\gtx</Filter>
    </ClInclude>
    <ClInclude Include="src\Hercules\Renderer\glm\glm\gtx\raw_data.hpp">
      <Filter>Hercules\Renderer\glm\glm\gtx</Filter>
    </ClInclude>
    <ClInclude Include="src\Hercules\Renderer\glm\glm\gtx\rotate_normalized_axis.hpp">
      <Filter>Hercules\Renderer\glm\glm\gtx</Filter>
    </ClInclude>
    <ClInclude Include="src\Hercules\Renderer\glm\glm\gtx\rotate_vector.hpp">
      <Filter>Hercules\Renderer\glm\glm\gtx</Filter>
    </ClInclude>
    <ClInclude Include="src\Hercules\Renderer\glm\glm\gtx\scalar_multiplication.hpp">
      <Filter>Hercules\Renderer\glm\glm\gtx</Filter>
    </ClInclude>
    <ClInclude Include="src\Hercules\Renderer\glm\glm\gtx\scalar_relational.hpp">
      <Filter>Hercules\Renderer\glm\glm\gtx</Filter>
    </ClInclude>
    <ClInclude Include="src\Hercules\Renderer\glm\glm\gtx\spline.hpp">
      <Filter>Hercules\Renderer\glm\glm\gtx</Filter>
    </ClInclude>
    <ClInclude Include="src\Hercules\Renderer\glm\glm\gtx\std_based_type.hpp">
      <Filter>Hercules\Renderer\glm\glm\gtx</Filter>
    </ClInclude>
    <ClInclude Include="src\Hercules\Renderer\glm\glm\gtx\string_cast.hpp">
      <Filter>Hercules\Renderer\glm\glm\gtx</Filter>
    </ClInclude>
    <ClInclude Include="src\Hercules\Renderer\glm\glm\gtx\texture.hpp">
      <Filter>Hercules\Renderer\glm\glm\gtx</Filter>
    </ClInclude>
    <ClInclude Include="src\Hercules\Renderer\glm\glm\gtx\transform.hpp">
      <Filter>Hercules\Renderer\glm\glm\gtx</Filter>
    </ClInclude>
    <ClInclude Include="src\Hercules\Renderer\glm\glm\gtx\transform2.hpp">
      <Filter>Hercules\Renderer\glm\glm\gtx</Filter>
    </ClInclude>
    <ClInclude Include="src\Hercules\Renderer\glm\glm\gtx\type_aligned.hpp">
      <Filter>Hercules\Renderer\glm\glm\gtx</Filter>
    </ClInclude>
    <ClInclude Include="src\Hercules\Renderer\glm\glm\gtx\type_trait.hpp">
      <Filter>Hercules\Renderer\glm\glm\gtx</Filter>
    </ClInclude>
    <ClInclude Include="src\Hercules\Renderer\glm\glm\gtx\vec_swizzle.hpp">
      <Filter>Hercules\Renderer\glm\glm\gtx</Filter>
    </ClInclude>
    <ClInclude Include="src\Hercules\Renderer\glm\glm\gtx\vector_angle.hpp">
      <Filter>Hercules\Renderer\glm\glm\gtx</Filter>
    </ClInclude>
    <ClInclude Include="src\Hercules\Renderer\glm\glm\gtx\vector_query.hpp">
      <Filter>Hercules\Renderer\glm\glm\gtx</Filter>
    </ClInclude>
    <ClInclude Include="src\Hercules\Renderer\glm\glm\gtx\wrap.hpp">
      <Filter>Hercules\Renderer\glm\glm\gtx</Filter>
    </ClInclude>
    <ClInclude Include="src\Hercules\Renderer\glm\glm\integer.hpp">
      <Filter>Hercules\Renderer\glm\glm</Filter>
    </ClInclude>
    <ClInclude Include="src\Hercules\Renderer\glm\glm\mat2x2.hpp">
      <Filter>Hercules\Renderer\glm\glm</Filter>
    </ClInclude>
    <ClInclude Include="src\Hercules\Renderer\glm\glm\mat2x3.hpp">
      <Filter>Hercules\Renderer\glm\glm</Filter>
    </ClInclude>
    <ClInclude Include="src\Hercules\Renderer\glm\glm\mat2x4.hpp">
      <Filter>Hercules\Renderer\glm\glm</Filter>
    </ClInclude>
    <ClInclude Include="src\Hercules\Renderer\glm\glm\mat3x2.hpp">
      <Filter>Hercules\Renderer\glm\glm</Filter>
    </ClInclude>
    <ClInclude Include="src\Hercules\Renderer\glm\glm\mat3x3.hpp">
      <Filter>Hercules\Renderer\glm\glm</Filter>
    </ClInclude>
    <ClInclude Include="src\Hercules\Renderer\glm\glm\mat3x4.hpp">
      <Filter>Hercules\Renderer\glm\glm</Filter>
    </ClInclude>
    <ClInclude Include="src\Hercules\Renderer\glm\glm\mat4x2.hpp">
      <Filter>Hercules\Renderer\glm\glm</Filter>
    </ClInclude>
    <ClInclude Include="src\Hercules\Renderer\glm\glm\mat4x3.hpp">
      <Filter>Hercules\Renderer\glm\glm</Filter>
    </ClInclude>
    <ClInclude Include="src\Hercules\Renderer\glm\glm\mat4x4.hpp">
      <Filter>Hercules\Renderer\glm\glm</Filter>
    </ClInclude>
    <ClInclude Include="src\Hercules\Renderer\glm\glm\matrix.hpp">
      <Filter>Hercules\Renderer\glm\glm</Filter>
    </ClInclude>
    <ClInclude Include="src\Hercules\Renderer\glm\glm\packing.hpp">
      <Filter>Hercules\Renderer\glm\glm</Filter>
    </ClInclude>
    <ClInclude Include="src\Hercules\Renderer\glm\glm\simd\common.h">
      <Filter>Hercules\Renderer\glm\glm\simd</Filter>
    </ClInclude>
    <ClInclude Include="src\Hercules\Renderer\glm\glm\simd\exponential.h">
      <Filter>Hercules\Renderer\glm\glm\simd</Filter>
    </ClInclude>
    <ClInclude Include="src\Hercules\Renderer\glm\glm\simd\geometric.h">
      <Filter>Hercules\Renderer\glm\glm\simd</Filter>
    </ClInclude>
    <ClInclude Include="src\Hercules\Renderer\glm\glm\simd\integer.h">
      <Filter>Hercules\Renderer\glm\glm\simd</Filter>
    </ClInclude>
    <ClInclude Include="src\Hercules\Renderer\glm\glm\simd\matrix.h">
      <Filter>Hercules\Renderer\glm\glm\simd</Filter>
    </ClInclude>
    <ClInclude Include="src\Hercules\Renderer\glm\glm\simd\neon.h">
      <Filter>Hercules\Renderer\glm\glm\simd</Filter>
    </ClInclude>
    <ClInclude Include="src\Hercules\Renderer\glm\glm\simd\packing.h">
      <Filter>Hercules\Renderer\glm\glm\simd</Filter>
    </ClInclude>
    <ClInclude Include="src\Hercules\Renderer\glm\glm\simd\platform.h">
      <Filter>Hercules\Renderer\glm\glm\simd</Filter>
    </ClInclude>
    <ClInclude Include="src\Hercules\Renderer\glm\glm\simd\trigonometric.h">
      <Filter>Hercules\Renderer\glm\glm\simd</Filter>
    </ClInclude>
    <ClInclude Include="src\Hercules\Renderer\glm\glm\simd\vector_relational.h">
      <Filter>Hercules\Renderer\glm\glm\simd</Filter>
    </ClInclude>
    <ClInclude Include="src\Hercules\Renderer\glm\glm\trigonometric.hpp">
      <Filter>Hercules\Renderer\glm\glm</Filter>
    </ClInclude>
    <ClInclude Include="src\Hercules\Renderer\glm\glm\vec2.hpp">
      <Filter>Hercules\Renderer\glm\glm</Filter>
    </ClInclude>
    <ClInclude Include="src\Hercules\Renderer\glm\glm\vec3.hpp">
      <Filter>Hercules\Renderer\glm\glm</Filter>
    </ClInclude>
    <ClInclude Include="src\Hercules\Renderer\glm\glm\vec4.hpp">
      <Filter>Hercules\Renderer\glm\glm</Filter>
    </ClInclude>
    <ClInclude Include="src\Hercules\Renderer\glm\glm\vector_relational.hpp">
      <Filter>Hercules\Renderer\glm\glm</Filter>
    </ClInclude>
    <ClInclude Include="src\Hercules\Renderer\stbi\stb_image.h">
      <Filter>Hercules\Renderer\stbi</Filter>
    </ClInclude>
    <ClInclude Include="src\Hercules\Window\Window.h">
      <Filter>Hercules\Window</Filter>
    </ClInclude>
    <ClInclude Include="src\hcpch.h" />
  </ItemGroup>
  <ItemGroup>
    <ClCompile Include="src\Hercules\Application\Application.cpp">
      <Filter>Hercules\Application</Filter>
    </ClCompile>
    <ClCompile Include="src\Hercules\Input\Input.cpp">
      <Filter>Hercules\Input</Filter>
    </ClCompile>
    <ClCompile Include="src\Hercules\Log\Log.cpp">
      <Filter>Hercules\Log</Filter>
    </ClCompile>
    <ClCompile Include="src\Hercules\Renderer\Context\Context.cpp">
      <Filter>Hercules\Renderer\Context</Filter>
    </ClCompile>
    <ClCompile Include="src\Hercules\Renderer\Index\IndexBuffer.cpp">
      <Filter>Hercules\Renderer\Index</Filter>
    </ClCompile>
    <ClCompile Include="src\Hercules\Renderer\Objects\2D\Square\Square.cpp">
      <Filter>Hercules\Renderer\Objects\2D\Square</Filter>
    </ClCompile>
    <ClCompile Include="src\Hercules\Renderer\Objects\2D\Triangle\Triangle.cpp">
      <Filter>Hercules\Renderer\Objects\2D\Triangle</Filter>
    </ClCompile>
    <ClCompile Include="src\Hercules\Renderer\Render\Renderer.cpp">
      <Filter>Hercules\Renderer\Render</Filter>
    </ClCompile>
    <ClCompile Include="src\Hercules\Renderer\Shader\Shader.cpp">
      <Filter>Hercules\Renderer\Shader</Filter>
    </ClCompile>
    <ClCompile Include="src\Hercules\Renderer\Texture\Texture.cpp">
      <Filter>Hercules\Renderer\Texture</Filter>
    </ClCompile>
    <ClCompile Include="src\Hercules\Renderer\Vertex\VertexArray.cpp">
      <Filter>Hercules\Renderer\Vertex</Filter>
    </ClCompile>
    <ClCompile Include="src\Hercules\Renderer\Vertex\VertexBuffer.cpp">
      <Filter>Hercules\Renderer\Vertex</Filter>
    </ClCompile>
    <ClCompile Include="src\Hercules\Renderer\glm\glm\detail\glm.cpp">
      <Filter>Hercules\Renderer\glm\glm\detail</Filter>
    </ClCompile>
    <ClCompile Include="src\Hercules\Renderer\stbi\stbi_image.cpp">
      <Filter>Hercules\Renderer\stbi</Filter>
    </ClCompile>
    <ClCompile Include="src\Hercules\Window\Window.cpp">
      <Filter>Hercules\Window</Filter>
    </ClCompile>
    <ClCompile Include="src\hcpch.cpp" />
  </ItemGroup>
</Project>