<?xml version="1.0" encoding="utf-8"?>
<Project ToolsVersion="4.0" xmlns="http://schemas.microsoft.com/developer/msbuild/2003">
  <ItemGroup>
    <Filter Include="src">
      <UniqueIdentifier>{2DAB880B-99B4-887C-2230-9F7C8E38947C}</UniqueIdentifier>
    </Filter>
    <Filter Include="src\Hercules">
      <UniqueIdentifier>{37B7988E-231A-2833-CC9F-60E9B8E1F3B5}</UniqueIdentifier>
    </Filter>
    <Filter Include="src\Hercules\Application">
      <UniqueIdentifier>{7A7D8BF0-66A2-DA70-8FED-BF007B71D98E}</UniqueIdentifier>
    </Filter>
    <Filter Include="src\Hercules\Core">
      <UniqueIdentifier>{EFF567D1-5B0C-6667-A483-F18810D936EF}</UniqueIdentifier>
    </Filter>
    <Filter Include="src\Hercules\Core\Input">
      <UniqueIdentifier>{2E1D74CF-9A54-BC66-A35E-208A0F15E35F}</UniqueIdentifier>
    </Filter>
    <Filter Include="src\Hercules\Core\Log">
      <UniqueIdentifier>{406D5A8F-ACD9-158A-75CD-ADE7E1F837F2}</UniqueIdentifier>
    </Filter>
    <Filter Include="src\Hercules\Core\Math">
      <UniqueIdentifier>{2868A87A-1462-D1CC-FDCE-67DDE9673739}</UniqueIdentifier>
    </Filter>
    <Filter Include="src\Hercules\Core\Math\glm">
      <UniqueIdentifier>{77C68BEB-63D6-37BC-CC8F-9CDAB8BE2655}</UniqueIdentifier>
    </Filter>
    <Filter Include="src\Hercules\Core\Math\glm\glm">
      <UniqueIdentifier>{46B483C0-32DA-4D27-1B20-D3F207E572F3}</UniqueIdentifier>
    </Filter>
    <Filter Include="src\Hercules\Core\Math\glm\glm\detail">
      <UniqueIdentifier>{48616BA5-B425-6A95-7D8B-9A5FE90E06CB}</UniqueIdentifier>
    </Filter>
    <Filter Include="src\Hercules\Core\Math\glm\glm\simd">
      <UniqueIdentifier>{62ACD011-CE65-3BBC-57C5-5596C37DF12B}</UniqueIdentifier>
    </Filter>
    <Filter Include="src\Hercules\Core\Objects">
      <UniqueIdentifier>{A8135A2E-14D6-8DB8-5D86-1C45C9876696}</UniqueIdentifier>
    </Filter>
    <Filter Include="src\Hercules\Core\Objects\2D">
      <UniqueIdentifier>{4D21E2D2-39DC-D17E-E293-4AC9CE2D1C0F}</UniqueIdentifier>
    </Filter>
    <Filter Include="src\Hercules\Core\Objects\2D\Square">
      <UniqueIdentifier>{4D01ACF8-B9BA-16A3-421A-317DAED2CC12}</UniqueIdentifier>
    </Filter>
    <Filter Include="src\Hercules\Core\Objects\2D\Triangle">
      <UniqueIdentifier>{F297EDF0-5E5C-ECE0-27C2-1CAB93458816}</UniqueIdentifier>
    </Filter>
    <Filter Include="src\Hercules\Core\Window">
      <UniqueIdentifier>{F61F44DE-E244-935E-0B90-78EEF713927C}</UniqueIdentifier>
    </Filter>
    <Filter Include="src\Hercules\Renderer">
      <UniqueIdentifier>{BD08275C-2975-E256-F268-7AB45E9404BF}</UniqueIdentifier>
    </Filter>
    <Filter Include="src\Hercules\Renderer\Render">
      <UniqueIdentifier>{8C1022AE-78CB-115A-2183-8AA40D1D5CEA}</UniqueIdentifier>
    </Filter>
    <Filter Include="src\Hercules\Scene">
      <UniqueIdentifier>{947181FF-8055-4255-E9B5-3CA8D5B82CD7}</UniqueIdentifier>
    </Filter>
    <Filter Include="src\Hercules\Scene\GL">
      <UniqueIdentifier>{76CA299A-E236-E594-AB2A-7DF2175607FD}</UniqueIdentifier>
    </Filter>
    <Filter Include="src\Hercules\Scene\GL\Context">
      <UniqueIdentifier>{0A5B3826-7673-1F50-3F20-AFE9ABF7B3E9}</UniqueIdentifier>
    </Filter>
    <Filter Include="src\Hercules\Scene\GL\Index">
      <UniqueIdentifier>{DDC53A37-49D3-681D-D2B9-64083EC634D4}</UniqueIdentifier>
    </Filter>
    <Filter Include="src\Hercules\Scene\GL\Shader">
      <UniqueIdentifier>{5CD97835-4894-68E1-F14B-E12BDDE5B271}</UniqueIdentifier>
    </Filter>
    <Filter Include="src\Hercules\Scene\GL\Texture">
      <UniqueIdentifier>{D605382C-421E-1F56-0BCB-AEEF77A2B3EF}</UniqueIdentifier>
    </Filter>
    <Filter Include="src\Hercules\Scene\GL\Vertex">
      <UniqueIdentifier>{43A04B3C-2F5B-3BE8-D812-B432C4AC8578}</UniqueIdentifier>
    </Filter>
    <Filter Include="src\Hercules\Scene\Shaders">
      <UniqueIdentifier>{6DEA3785-59FA-E355-C2B3-4874AEE2D2EE}</UniqueIdentifier>
    </Filter>
    <Filter Include="vendor">
      <UniqueIdentifier>{B3738122-9F15-ACF8-88D0-BF4C74113349}</UniqueIdentifier>
    </Filter>
    <Filter Include="vendor\stbi">
      <UniqueIdentifier>{544580C1-C0FA-F8B6-49EF-F28DB5A3EFBA}</UniqueIdentifier>
    </Filter>
  </ItemGroup>
  <ItemGroup>
    <ClInclude Include="src\Hercules.h">
      <Filter>src</Filter>
    </ClInclude>
    <ClInclude Include="src\Hercules\Application\Application.h">
      <Filter>src\Hercules\Application</Filter>
    </ClInclude>
    <ClInclude Include="src\Hercules\Application\Core.h">
      <Filter>src\Hercules\Application</Filter>
    </ClInclude>
    <ClInclude Include="src\Hercules\Application\main.h">
      <Filter>src\Hercules\Application</Filter>
    </ClInclude>
    <ClInclude Include="src\Hercules\Core\Input\Input.h">
      <Filter>src\Hercules\Core\Input</Filter>
    </ClInclude>
    <ClInclude Include="src\Hercules\Core\Input\Keycodes.h">
      <Filter>src\Hercules\Core\Input</Filter>
    </ClInclude>
    <ClInclude Include="src\Hercules\Core\Input\MouseCodes.h">
      <Filter>src\Hercules\Core\Input</Filter>
    </ClInclude>
    <ClInclude Include="src\Hercules\Core\Log\Log.h">
      <Filter>src\Hercules\Core\Log</Filter>
    </ClInclude>
    <ClInclude Include="vendor\glm\simd\common.h">
      <Filter>src\Hercules\Core\Math\glm\glm\simd</Filter>
    </ClInclude>
    <ClInclude Include="vendor\glm\simd\exponential.h">
      <Filter>src\Hercules\Core\Math\glm\glm\simd</Filter>
    </ClInclude>
    <ClInclude Include="vendor\glm\simd\geometric.h">
      <Filter>src\Hercules\Core\Math\glm\glm\simd</Filter>
    </ClInclude>
    <ClInclude Include="vendor\glm\simd\integer.h">
      <Filter>src\Hercules\Core\Math\glm\glm\simd</Filter>
    </ClInclude>
    <ClInclude Include="vendor\glm\simd\matrix.h">
      <Filter>src\Hercules\Core\Math\glm\glm\simd</Filter>
    </ClInclude>
    <ClInclude Include="vendor\glm\simd\neon.h">
      <Filter>src\Hercules\Core\Math\glm\glm\simd</Filter>
    </ClInclude>
    <ClInclude Include="vendor\glm\simd\packing.h">
      <Filter>src\Hercules\Core\Math\glm\glm\simd</Filter>
    </ClInclude>
    <ClInclude Include="vendor\glm\simd\platform.h">
      <Filter>src\Hercules\Core\Math\glm\glm\simd</Filter>
    </ClInclude>
    <ClInclude Include="vendor\glm\simd\trigonometric.h">
      <Filter>src\Hercules\Core\Math\glm\glm\simd</Filter>
    </ClInclude>
    <ClInclude Include="vendor\glm\simd\vector_relational.h">
      <Filter>src\Hercules\Core\Math\glm\glm\simd</Filter>
    </ClInclude>
    <ClInclude Include="src\Hercules\Core\Objects\2D\Square\Square.h">
      <Filter>src\Hercules\Core\Objects\2D\Square</Filter>
    </ClInclude>
    <ClInclude Include="src\Hercules\Core\Objects\2D\Triangle\Triangle.h">
      <Filter>src\Hercules\Core\Objects\2D\Triangle</Filter>
    </ClInclude>
    <ClInclude Include="src\Hercules\Core\Window\Window.h">
      <Filter>src\Hercules\Core\Window</Filter>
    </ClInclude>
    <ClInclude Include="src\Hercules\Renderer\Render\Renderer.h">
      <Filter>src\Hercules\Renderer\Render</Filter>
    </ClInclude>
    <ClInclude Include="src\Hercules\Scene\GL\Context\Context.h">
      <Filter>src\Hercules\Scene\GL\Context</Filter>
    </ClInclude>
    <ClInclude Include="src\Hercules\Scene\GL\Index\IndexBuffer.h">
      <Filter>src\Hercules\Scene\GL\Index</Filter>
    </ClInclude>
    <ClInclude Include="src\Hercules\Scene\GL\Shader\Shader.h">
      <Filter>src\Hercules\Scene\GL\Shader</Filter>
    </ClInclude>
    <ClInclude Include="src\Hercules\Scene\GL\Texture\Texture.h">
      <Filter>src\Hercules\Scene\GL\Texture</Filter>
    </ClInclude>
    <ClInclude Include="src\Hercules\Scene\GL\Vertex\VertexArray.h">
      <Filter>src\Hercules\Scene\GL\Vertex</Filter>
    </ClInclude>
    <ClInclude Include="src\Hercules\Scene\GL\Vertex\VertexBuffer.h">
      <Filter>src\Hercules\Scene\GL\Vertex</Filter>
    </ClInclude>
    <ClInclude Include="src\hcpch.h">
      <Filter>src</Filter>
    </ClInclude>
    <ClInclude Include="vendor\stbi\stb_image.h">
      <Filter>vendor\stbi</Filter>
    </ClInclude>
  </ItemGroup>
  <ItemGroup>
    <ClCompile Include="src\Hercules\Application\Application.cpp">
      <Filter>src\Hercules\Application</Filter>
    </ClCompile>
    <ClCompile Include="src\Hercules\Core\Input\Input.cpp">
      <Filter>src\Hercules\Core\Input</Filter>
    </ClCompile>
    <ClCompile Include="src\Hercules\Core\Log\Log.cpp">
      <Filter>src\Hercules\Core\Log</Filter>
    </ClCompile>
    <ClCompile Include="vendor\glm\detail\glm.cpp">
      <Filter>src\Hercules\Core\Math\glm\glm\detail</Filter>
    </ClCompile>
    <ClCompile Include="src\Hercules\Core\Objects\2D\Square\Square.cpp">
      <Filter>src\Hercules\Core\Objects\2D\Square</Filter>
    </ClCompile>
    <ClCompile Include="src\Hercules\Core\Objects\2D\Triangle\Triangle.cpp">
      <Filter>src\Hercules\Core\Objects\2D\Triangle</Filter>
    </ClCompile>
    <ClCompile Include="src\Hercules\Core\Window\Window.cpp">
      <Filter>src\Hercules\Core\Window</Filter>
    </ClCompile>
    <ClCompile Include="src\Hercules\Renderer\Render\Renderer.cpp">
      <Filter>src\Hercules\Renderer\Render</Filter>
    </ClCompile>
    <ClCompile Include="src\Hercules\Scene\GL\Context\Context.cpp">
      <Filter>src\Hercules\Scene\GL\Context</Filter>
    </ClCompile>
    <ClCompile Include="src\Hercules\Scene\GL\Index\IndexBuffer.cpp">
      <Filter>src\Hercules\Scene\GL\Index</Filter>
    </ClCompile>
    <ClCompile Include="src\Hercules\Scene\GL\Shader\Shader.cpp">
      <Filter>src\Hercules\Scene\GL\Shader</Filter>
    </ClCompile>
    <ClCompile Include="src\Hercules\Scene\GL\Texture\Texture.cpp">
      <Filter>src\Hercules\Scene\GL\Texture</Filter>
    </ClCompile>
    <ClCompile Include="src\Hercules\Scene\GL\Vertex\VertexArray.cpp">
      <Filter>src\Hercules\Scene\GL\Vertex</Filter>
    </ClCompile>
    <ClCompile Include="src\Hercules\Scene\GL\Vertex\VertexBuffer.cpp">
      <Filter>src\Hercules\Scene\GL\Vertex</Filter>
    </ClCompile>
    <ClCompile Include="src\hcpch.cpp">
      <Filter>src</Filter>
    </ClCompile>
    <ClCompile Include="vendor\stbi\stbi_image.cpp">
      <Filter>vendor\stbi</Filter>
    </ClCompile>
  </ItemGroup>
</Project>